
Microsoft Visual Studio Solution File, Format Version 12.00
Project("{FAE04EC0-301F-11D3-BF4B-00C04F79EFBC}") = "Lab 8", "Lab 8\Lab 8.csproj", "{1E86F858-37C7-48E4-8463-3B035456E001}"
EndProject
Project("{FAE04EC0-301F-11D3-BF4B-00C04F79EFBC}") = "lib", "lib\lib.csproj", "{B211A629-6C32-406C-A7D6-B9657DE090F9}"
EndProject
Global
	GlobalSection(SolutionConfigurationPlatforms) = preSolution
		Debug|Any CPU = Debug|Any CPU
		Release|Any CPU = Release|Any CPU
	EndGlobalSection
	GlobalSection(ProjectConfigurationPlatforms) = postSolution
		{1E86F858-37C7-48E4-8463-3B035456E001}.Debug|Any CPU.ActiveCfg = Debug|Any CPU
		{1E86F858-37C7-48E4-8463-3B035456E001}.Debug|Any CPU.Build.0 = Debug|Any CPU
		{1E86F858-37C7-48E4-8463-3B035456E001}.Release|Any CPU.ActiveCfg = Release|Any CPU
		{1E86F858-37C7-48E4-8463-3B035456E001}.Release|Any CPU.Build.0 = Release|Any CPU
		{B211A629-6C32-406C-A7D6-B9657DE090F9}.Debug|Any CPU.ActiveCfg = Debug|Any CPU
		{B211A629-6C32-406C-A7D6-B9657DE090F9}.Debug|Any CPU.Build.0 = Debug|Any CPU
		{B211A629-6C32-406C-A7D6-B9657DE090F9}.Release|Any CPU.ActiveCfg = Release|Any CPU
		{B211A629-6C32-406C-A7D6-B9657DE090F9}.Release|Any CPU.Build.0 = Release|Any CPU
	EndGlobalSection
EndGlobal
